{
    "_meta": {
        "hash": {
            "sha256": "1494280db675a87baa22b2560aeed99884ec88ee6da44a5e3525ae81132f39ff"
        },
        "pipfile-spec": 6,
        "requires": {
            "python_version": "3.8"
        },
        "sources": [
            {
                "name": "pypi",
                "url": "https://pypi.org/simple",
                "verify_ssl": true
            }
        ]
    },
    "default": {
        "hubit": {
            "editable": true,
            "extras": [
                "dev"
            ],
            "path": "."
        },
        "urllib3": {
            "hashes": [
                "sha256:2f4da4594db7e1e110a944bb1b551fdf4e6c136ad42e4234131391e21eb5b0df",
                "sha256:e7b021f7241115872f92f43c6508082facffbd1c048e3c6e2bb9c2a157e28937"
            ],
            "index": "pypi",
            "version": "==1.26.4"
        }
    },
    "develop": {}
}
