{
    "_meta": {
        "hash": {
            "sha256": "f00f893043864c5bc86c41776a9c50ef29a14189d3fac6e1b23ca37c3b65cbb7"
        },
        "pipfile-spec": 6,
        "requires": {
            "python_version": "3.8"
        },
        "sources": [
            {
                "name": "pypi",
                "url": "https://pypi.org/simple",
                "verify_ssl": true
            }
        ]
    },
    "default": {
        "hubit": {
            "editable": true,
            "extras": [
                "dev"
            ],
            "path": "."
        },
        "urllib3": {
            "hashes": [
                "sha256:753a0374df26658f99d826cfe40394a686d05985786d946fbe4165b5148f5a7c",
                "sha256:a7acd0977125325f516bda9735fa7142b909a8d01e8b2e4c8108d0984e6e0098"
            ],
            "index": "pypi",
            "version": "==1.26.5"
        }
    },
    "develop": {
        "hubit": {
            "editable": true,
            "extras": [
                "dev"
            ],
            "path": "."
        }
    }
}
